
Microsoft Visual Studio Solution File, Format Version 12.00
# Visual Studio Version 16
VisualStudioVersion = 16.0.32630.194
MinimumVisualStudioVersion = 10.0.40219.1
Project("{FAE04EC0-301F-11D3-BF4B-00C04F79EFBC}") = "Kryptografy", "Kryptografy.csproj", "{6B6BA489-9C3E-483A-B8EC-E120773067BC}"
EndProject
Global
	GlobalSection(SolutionConfigurationPlatforms) = preSolution
		Debug|Any CPU = Debug|Any CPU
		Release|Any CPU = Release|Any CPU
	EndGlobalSection
	GlobalSection(ProjectConfigurationPlatforms) = postSolution
		{6B6BA489-9C3E-483A-B8EC-E120773067BC}.Debug|Any CPU.ActiveCfg = Debug|Any CPU
		{6B6BA489-9C3E-483A-B8EC-E120773067BC}.Debug|Any CPU.Build.0 = Debug|Any CPU
		{6B6BA489-9C3E-483A-B8EC-E120773067BC}.Release|Any CPU.ActiveCfg = Release|Any CPU
		{6B6BA489-9C3E-483A-B8EC-E120773067BC}.Release|Any CPU.Build.0 = Release|Any CPU
	EndGlobalSection
	GlobalSection(SolutionProperties) = preSolution
		HideSolutionNode = FALSE
	EndGlobalSection
	GlobalSection(ExtensibilityGlobals) = postSolution
		SolutionGuid = {3C686BBF-EA94-470E-9202-7620151BD3A1}
	EndGlobalSection
EndGlobal
